
Microsoft Visual Studio Solution File, Format Version 12.00
# Visual Studio 15
VisualStudioVersion = 15.0.26730.15
MinimumVisualStudioVersion = 10.0.40219.1
Project("{FAE04EC0-301F-11D3-BF4B-00C04F79EFBC}") = "JournalLabs.API", "JournalLabs.API\JournalLabs.API.csproj", "{6C5ACFE3-9609-4396-BD1B-6A4B9B284AE7}"
EndProject
Project("{9A19103F-16F7-4668-BE54-9A1E7A4F7556}") = "JournalLabs.Web", "JournalLabs.Web\JournalLabs.Web.csproj", "{71D3AD41-E8EF-4B89-808D-AEAABA30EBAE}"
EndProject
Global
	GlobalSection(SolutionConfigurationPlatforms) = preSolution
		Debug|Any CPU = Debug|Any CPU
		Release|Any CPU = Release|Any CPU
	EndGlobalSection
	GlobalSection(ProjectConfigurationPlatforms) = postSolution
		{6C5ACFE3-9609-4396-BD1B-6A4B9B284AE7}.Debug|Any CPU.ActiveCfg = Debug|Any CPU
		{6C5ACFE3-9609-4396-BD1B-6A4B9B284AE7}.Debug|Any CPU.Build.0 = Debug|Any CPU
		{6C5ACFE3-9609-4396-BD1B-6A4B9B284AE7}.Release|Any CPU.ActiveCfg = Release|Any CPU
		{6C5ACFE3-9609-4396-BD1B-6A4B9B284AE7}.Release|Any CPU.Build.0 = Release|Any CPU
		{71D3AD41-E8EF-4B89-808D-AEAABA30EBAE}.Debug|Any CPU.ActiveCfg = Debug|Any CPU
		{71D3AD41-E8EF-4B89-808D-AEAABA30EBAE}.Debug|Any CPU.Build.0 = Debug|Any CPU
		{71D3AD41-E8EF-4B89-808D-AEAABA30EBAE}.Release|Any CPU.ActiveCfg = Release|Any CPU
		{71D3AD41-E8EF-4B89-808D-AEAABA30EBAE}.Release|Any CPU.Build.0 = Release|Any CPU
	EndGlobalSection
	GlobalSection(SolutionProperties) = preSolution
		HideSolutionNode = FALSE
	EndGlobalSection
	GlobalSection(ExtensibilityGlobals) = postSolution
		SolutionGuid = {A6C70D28-0085-4FEC-ABDF-C6E1246004F2}
	EndGlobalSection
EndGlobal
